
Microsoft Visual Studio Solution File, Format Version 12.00
# Visual Studio 15
VisualStudioVersion = 15.0.27130.2024
MinimumVisualStudioVersion = 10.0.40219.1
Project("{FAE04EC0-301F-11D3-BF4B-00C04F79EFBC}") = "1.05 FirstProguram_Hellow,World", "Dokusyu_Csharp\1.05 FirstProguram_Hellow,World.csproj", "{D855CAD5-18B7-4946-9B91-45ABA71DE162}"
EndProject
Project("{FAE04EC0-301F-11D3-BF4B-00C04F79EFBC}") = "1.09 UseVars", "1.9 UseVars\1.09 UseVars.csproj", "{420D38E9-3699-45DF-B2A1-C7D2DC0E86A4}"
EndProject
Project("{FAE04EC0-301F-11D3-BF4B-00C04F79EFBC}") = "1.10 IntVsDouble", "1.10 IntVsDouble\1.10 IntVsDouble.csproj", "{99467B2B-8B80-4D30-B179-2E6E7ABED397}"
EndProject
Project("{FAE04EC0-301F-11D3-BF4B-00C04F79EFBC}") = "1.11 Ifdemo", "1.11 IF\1.11 Ifdemo.csproj", "{4A1A1532-22CE-4479-8A72-58A387EC4980}"
EndProject
Project("{FAE04EC0-301F-11D3-BF4B-00C04F79EFBC}") = "1.11 Fordemo", "1.11 Fordemo\1.11 Fordemo.csproj", "{441A7882-9F1F-4219-AF95-8204C3EDFF90}"
EndProject
Project("{FAE04EC0-301F-11D3-BF4B-00C04F79EFBC}") = "1.12 CodeBlock", "1.12 CodeBlock\1.12 CodeBlock.csproj", "{D886E45E-4760-479A-A7A9-CDA1E3045131}"
EndProject
Project("{FAE04EC0-301F-11D3-BF4B-00C04F79EFBC}") = "1.14 IndentDemo FroCProgram", "1.14 IndentDemo FroCProgram\1.14 IndentDemo FroCProgram.csproj", "{E1F74362-8A2F-4E35-93F7-895DD7B48DD0}"
EndProject
Project("{FAE04EC0-301F-11D3-BF4B-00C04F79EFBC}") = "1.T1 MoonWeight", "1.T1 InMoon\1.T1 MoonWeight.csproj", "{B4D544A8-E9CF-4BF7-A361-60F53897C57D}"
EndProject
Project("{FAE04EC0-301F-11D3-BF4B-00C04F79EFBC}") = "1.T2 ItoM", "1.T2 ItoM\1.T2 ItoM.csproj", "{6C40D5BD-9C62-47F6-998E-AA52E1FBD40F}"
EndProject
Project("{FAE04EC0-301F-11D3-BF4B-00C04F79EFBC}") = "2.07 Mars", "2.07 Mars\2.07 Mars.csproj", "{B2CC12E0-FE91-4DEB-8271-67FC66E020B5}"
EndProject
Project("{FAE04EC0-301F-11D3-BF4B-00C04F79EFBC}") = "2.08 StrDemo", "2.08 StrDemo\2.08 StrDemo.csproj", "{5D973B88-B7C8-4770-A616-920C7FD705CD}"
EndProject
Project("{FAE04EC0-301F-11D3-BF4B-00C04F79EFBC}") = "2.08 Verbatim", "2.08 Verbatim\2.08 Verbatim.csproj", "{5B682E3A-7C7A-4C61-8B9D-65A699E64B57}"
EndProject
Project("{FAE04EC0-301F-11D3-BF4B-00C04F79EFBC}") = "2.09 DynInit", "2.09 DynInit\2.09 DynInit.csproj", "{CBB5B19E-7514-4EE6-8FFB-6BC8EC9B0009}"
EndProject
Project("{FAE04EC0-301F-11D3-BF4B-00C04F79EFBC}") = "2.09 ImpTypesVar", "2.09 ImpTypesVar\2.09 ImpTypesVar.csproj", "{A055E220-1D4F-4C9B-8F48-EC8A5DC7E057}"
EndProject
Project("{FAE04EC0-301F-11D3-BF4B-00C04F79EFBC}") = "2.10 ScopeDemo", "2.10 ScopeDemo\2.10 ScopeDemo.csproj", "{2FDF35F7-2E4F-4A10-AD18-668BEF9B2552}"
EndProject
Project("{FAE04EC0-301F-11D3-BF4B-00C04F79EFBC}") = "2.10 VarInitDemo", "2.10 VarInitDemo\2.10 VarInitDemo.csproj", "{B836CE95-6D63-4CF8-947E-AE946B972706}"
EndProject
Project("{FAE04EC0-301F-11D3-BF4B-00C04F79EFBC}") = "2.12 ModDemo", "2.12 ModDemo\2.12 ModDemo.csproj", "{63742D72-F40B-4661-A233-B14F924C0671}"
EndProject
Project("{FAE04EC0-301F-11D3-BF4B-00C04F79EFBC}") = "2.13 RelLogOps", "2.13 RelLogOps\2.13 RelLogOps.csproj", "{03DAE8B0-4B0F-4FD6-A3D3-76E9E9EC4E45}"
EndProject
Project("{FAE04EC0-301F-11D3-BF4B-00C04F79EFBC}") = "2.13 SCops", "2.13 SCops\2.13 SCops.csproj", "{AB51B581-E913-4121-802F-D89C233A67D3}"
EndProject
Project("{FAE04EC0-301F-11D3-BF4B-00C04F79EFBC}") = "2.13 LogicalOpTable", "2.13 LogicalOpTable\2.13 LogicalOpTable.csproj", "{8548F11C-FA0B-4FB8-A2D5-69581CBC7900}"
EndProject
Project("{FAE04EC0-301F-11D3-BF4B-00C04F79EFBC}") = "2.13 FTto01", "2.13 FTto01\2.13 FTto01.csproj", "{A97C572E-CA8F-4918-A1BC-62C6CEA974DC}"
EndProject
Project("{FAE04EC0-301F-11D3-BF4B-00C04F79EFBC}") = "2.14 LtoD", "2.14 LtoD\2.14 LtoD.csproj", "{2C2A5D53-D946-450E-89BA-FBC849C95260}"
EndProject
Project("{FAE04EC0-301F-11D3-BF4B-00C04F79EFBC}") = "2.15 CastDemo", "2.15 CastDemo\2.15 CastDemo.csproj", "{A1FF1A61-4C52-4D14-ADF0-48C7DD0645EB}"
EndProject
Project("{FAE04EC0-301F-11D3-BF4B-00C04F79EFBC}") = "2.17 PromDemo", "2.17 PromDemo\2.17 PromDemo.csproj", "{3250C9BB-89FB-4204-9D4F-FA32CC0E0519}"
EndProject
Project("{FAE04EC0-301F-11D3-BF4B-00C04F79EFBC}") = "2.17 UseCast", "2.17 UseCast\2.17 UseCast.csproj", "{1D338D13-267A-4D2B-B403-6405FD0CACEB}"
EndProject
Project("{FAE04EC0-301F-11D3-BF4B-00C04F79EFBC}") = "2.10 NestVar", "2.10 NestVar\2.10 NestVar.csproj", "{5903630D-6D31-49D3-960F-6BD07388819F}"
EndProject
Global
	GlobalSection(SolutionConfigurationPlatforms) = preSolution
		Debug|Any CPU = Debug|Any CPU
		Release|Any CPU = Release|Any CPU
	EndGlobalSection
	GlobalSection(ProjectConfigurationPlatforms) = postSolution
		{D855CAD5-18B7-4946-9B91-45ABA71DE162}.Debug|Any CPU.ActiveCfg = Debug|Any CPU
		{D855CAD5-18B7-4946-9B91-45ABA71DE162}.Debug|Any CPU.Build.0 = Debug|Any CPU
		{D855CAD5-18B7-4946-9B91-45ABA71DE162}.Release|Any CPU.ActiveCfg = Release|Any CPU
		{D855CAD5-18B7-4946-9B91-45ABA71DE162}.Release|Any CPU.Build.0 = Release|Any CPU
		{420D38E9-3699-45DF-B2A1-C7D2DC0E86A4}.Debug|Any CPU.ActiveCfg = Debug|Any CPU
		{420D38E9-3699-45DF-B2A1-C7D2DC0E86A4}.Debug|Any CPU.Build.0 = Debug|Any CPU
		{420D38E9-3699-45DF-B2A1-C7D2DC0E86A4}.Release|Any CPU.ActiveCfg = Release|Any CPU
		{420D38E9-3699-45DF-B2A1-C7D2DC0E86A4}.Release|Any CPU.Build.0 = Release|Any CPU
		{99467B2B-8B80-4D30-B179-2E6E7ABED397}.Debug|Any CPU.ActiveCfg = Debug|Any CPU
		{99467B2B-8B80-4D30-B179-2E6E7ABED397}.Debug|Any CPU.Build.0 = Debug|Any CPU
		{99467B2B-8B80-4D30-B179-2E6E7ABED397}.Release|Any CPU.ActiveCfg = Release|Any CPU
		{99467B2B-8B80-4D30-B179-2E6E7ABED397}.Release|Any CPU.Build.0 = Release|Any CPU
		{4A1A1532-22CE-4479-8A72-58A387EC4980}.Debug|Any CPU.ActiveCfg = Debug|Any CPU
		{4A1A1532-22CE-4479-8A72-58A387EC4980}.Debug|Any CPU.Build.0 = Debug|Any CPU
		{4A1A1532-22CE-4479-8A72-58A387EC4980}.Release|Any CPU.ActiveCfg = Release|Any CPU
		{4A1A1532-22CE-4479-8A72-58A387EC4980}.Release|Any CPU.Build.0 = Release|Any CPU
		{441A7882-9F1F-4219-AF95-8204C3EDFF90}.Debug|Any CPU.ActiveCfg = Debug|Any CPU
		{441A7882-9F1F-4219-AF95-8204C3EDFF90}.Debug|Any CPU.Build.0 = Debug|Any CPU
		{441A7882-9F1F-4219-AF95-8204C3EDFF90}.Release|Any CPU.ActiveCfg = Release|Any CPU
		{441A7882-9F1F-4219-AF95-8204C3EDFF90}.Release|Any CPU.Build.0 = Release|Any CPU
		{D886E45E-4760-479A-A7A9-CDA1E3045131}.Debug|Any CPU.ActiveCfg = Debug|Any CPU
		{D886E45E-4760-479A-A7A9-CDA1E3045131}.Debug|Any CPU.Build.0 = Debug|Any CPU
		{D886E45E-4760-479A-A7A9-CDA1E3045131}.Release|Any CPU.ActiveCfg = Release|Any CPU
		{D886E45E-4760-479A-A7A9-CDA1E3045131}.Release|Any CPU.Build.0 = Release|Any CPU
		{E1F74362-8A2F-4E35-93F7-895DD7B48DD0}.Debug|Any CPU.ActiveCfg = Debug|Any CPU
		{E1F74362-8A2F-4E35-93F7-895DD7B48DD0}.Debug|Any CPU.Build.0 = Debug|Any CPU
		{E1F74362-8A2F-4E35-93F7-895DD7B48DD0}.Release|Any CPU.ActiveCfg = Release|Any CPU
		{E1F74362-8A2F-4E35-93F7-895DD7B48DD0}.Release|Any CPU.Build.0 = Release|Any CPU
		{B4D544A8-E9CF-4BF7-A361-60F53897C57D}.Debug|Any CPU.ActiveCfg = Debug|Any CPU
		{B4D544A8-E9CF-4BF7-A361-60F53897C57D}.Debug|Any CPU.Build.0 = Debug|Any CPU
		{B4D544A8-E9CF-4BF7-A361-60F53897C57D}.Release|Any CPU.ActiveCfg = Release|Any CPU
		{B4D544A8-E9CF-4BF7-A361-60F53897C57D}.Release|Any CPU.Build.0 = Release|Any CPU
		{6C40D5BD-9C62-47F6-998E-AA52E1FBD40F}.Debug|Any CPU.ActiveCfg = Debug|Any CPU
		{6C40D5BD-9C62-47F6-998E-AA52E1FBD40F}.Debug|Any CPU.Build.0 = Debug|Any CPU
		{6C40D5BD-9C62-47F6-998E-AA52E1FBD40F}.Release|Any CPU.ActiveCfg = Release|Any CPU
		{6C40D5BD-9C62-47F6-998E-AA52E1FBD40F}.Release|Any CPU.Build.0 = Release|Any CPU
		{B2CC12E0-FE91-4DEB-8271-67FC66E020B5}.Debug|Any CPU.ActiveCfg = Debug|Any CPU
		{B2CC12E0-FE91-4DEB-8271-67FC66E020B5}.Debug|Any CPU.Build.0 = Debug|Any CPU
		{B2CC12E0-FE91-4DEB-8271-67FC66E020B5}.Release|Any CPU.ActiveCfg = Release|Any CPU
		{B2CC12E0-FE91-4DEB-8271-67FC66E020B5}.Release|Any CPU.Build.0 = Release|Any CPU
		{5D973B88-B7C8-4770-A616-920C7FD705CD}.Debug|Any CPU.ActiveCfg = Debug|Any CPU
		{5D973B88-B7C8-4770-A616-920C7FD705CD}.Debug|Any CPU.Build.0 = Debug|Any CPU
		{5D973B88-B7C8-4770-A616-920C7FD705CD}.Release|Any CPU.ActiveCfg = Release|Any CPU
		{5D973B88-B7C8-4770-A616-920C7FD705CD}.Release|Any CPU.Build.0 = Release|Any CPU
		{5B682E3A-7C7A-4C61-8B9D-65A699E64B57}.Debug|Any CPU.ActiveCfg = Debug|Any CPU
		{5B682E3A-7C7A-4C61-8B9D-65A699E64B57}.Debug|Any CPU.Build.0 = Debug|Any CPU
		{5B682E3A-7C7A-4C61-8B9D-65A699E64B57}.Release|Any CPU.ActiveCfg = Release|Any CPU
		{5B682E3A-7C7A-4C61-8B9D-65A699E64B57}.Release|Any CPU.Build.0 = Release|Any CPU
		{CBB5B19E-7514-4EE6-8FFB-6BC8EC9B0009}.Debug|Any CPU.ActiveCfg = Debug|Any CPU
		{CBB5B19E-7514-4EE6-8FFB-6BC8EC9B0009}.Debug|Any CPU.Build.0 = Debug|Any CPU
		{CBB5B19E-7514-4EE6-8FFB-6BC8EC9B0009}.Release|Any CPU.ActiveCfg = Release|Any CPU
		{CBB5B19E-7514-4EE6-8FFB-6BC8EC9B0009}.Release|Any CPU.Build.0 = Release|Any CPU
		{A055E220-1D4F-4C9B-8F48-EC8A5DC7E057}.Debug|Any CPU.ActiveCfg = Debug|Any CPU
		{A055E220-1D4F-4C9B-8F48-EC8A5DC7E057}.Debug|Any CPU.Build.0 = Debug|Any CPU
		{A055E220-1D4F-4C9B-8F48-EC8A5DC7E057}.Release|Any CPU.ActiveCfg = Release|Any CPU
		{A055E220-1D4F-4C9B-8F48-EC8A5DC7E057}.Release|Any CPU.Build.0 = Release|Any CPU
		{2FDF35F7-2E4F-4A10-AD18-668BEF9B2552}.Debug|Any CPU.ActiveCfg = Debug|Any CPU
		{2FDF35F7-2E4F-4A10-AD18-668BEF9B2552}.Debug|Any CPU.Build.0 = Debug|Any CPU
		{2FDF35F7-2E4F-4A10-AD18-668BEF9B2552}.Release|Any CPU.ActiveCfg = Release|Any CPU
		{2FDF35F7-2E4F-4A10-AD18-668BEF9B2552}.Release|Any CPU.Build.0 = Release|Any CPU
		{B836CE95-6D63-4CF8-947E-AE946B972706}.Debug|Any CPU.ActiveCfg = Debug|Any CPU
		{B836CE95-6D63-4CF8-947E-AE946B972706}.Debug|Any CPU.Build.0 = Debug|Any CPU
		{B836CE95-6D63-4CF8-947E-AE946B972706}.Release|Any CPU.ActiveCfg = Release|Any CPU
		{B836CE95-6D63-4CF8-947E-AE946B972706}.Release|Any CPU.Build.0 = Release|Any CPU
		{63742D72-F40B-4661-A233-B14F924C0671}.Debug|Any CPU.ActiveCfg = Debug|Any CPU
		{63742D72-F40B-4661-A233-B14F924C0671}.Debug|Any CPU.Build.0 = Debug|Any CPU
		{63742D72-F40B-4661-A233-B14F924C0671}.Release|Any CPU.ActiveCfg = Release|Any CPU
		{63742D72-F40B-4661-A233-B14F924C0671}.Release|Any CPU.Build.0 = Release|Any CPU
		{03DAE8B0-4B0F-4FD6-A3D3-76E9E9EC4E45}.Debug|Any CPU.ActiveCfg = Debug|Any CPU
		{03DAE8B0-4B0F-4FD6-A3D3-76E9E9EC4E45}.Debug|Any CPU.Build.0 = Debug|Any CPU
		{03DAE8B0-4B0F-4FD6-A3D3-76E9E9EC4E45}.Release|Any CPU.ActiveCfg = Release|Any CPU
		{03DAE8B0-4B0F-4FD6-A3D3-76E9E9EC4E45}.Release|Any CPU.Build.0 = Release|Any CPU
		{AB51B581-E913-4121-802F-D89C233A67D3}.Debug|Any CPU.ActiveCfg = Debug|Any CPU
		{AB51B581-E913-4121-802F-D89C233A67D3}.Debug|Any CPU.Build.0 = Debug|Any CPU
		{AB51B581-E913-4121-802F-D89C233A67D3}.Release|Any CPU.ActiveCfg = Release|Any CPU
		{AB51B581-E913-4121-802F-D89C233A67D3}.Release|Any CPU.Build.0 = Release|Any CPU
		{8548F11C-FA0B-4FB8-A2D5-69581CBC7900}.Debug|Any CPU.ActiveCfg = Debug|Any CPU
		{8548F11C-FA0B-4FB8-A2D5-69581CBC7900}.Debug|Any CPU.Build.0 = Debug|Any CPU
		{8548F11C-FA0B-4FB8-A2D5-69581CBC7900}.Release|Any CPU.ActiveCfg = Release|Any CPU
		{8548F11C-FA0B-4FB8-A2D5-69581CBC7900}.Release|Any CPU.Build.0 = Release|Any CPU
		{A97C572E-CA8F-4918-A1BC-62C6CEA974DC}.Debug|Any CPU.ActiveCfg = Debug|Any CPU
		{A97C572E-CA8F-4918-A1BC-62C6CEA974DC}.Debug|Any CPU.Build.0 = Debug|Any CPU
		{A97C572E-CA8F-4918-A1BC-62C6CEA974DC}.Release|Any CPU.ActiveCfg = Release|Any CPU
		{A97C572E-CA8F-4918-A1BC-62C6CEA974DC}.Release|Any CPU.Build.0 = Release|Any CPU
		{2C2A5D53-D946-450E-89BA-FBC849C95260}.Debug|Any CPU.ActiveCfg = Debug|Any CPU
		{2C2A5D53-D946-450E-89BA-FBC849C95260}.Debug|Any CPU.Build.0 = Debug|Any CPU
		{2C2A5D53-D946-450E-89BA-FBC849C95260}.Release|Any CPU.ActiveCfg = Release|Any CPU
		{2C2A5D53-D946-450E-89BA-FBC849C95260}.Release|Any CPU.Build.0 = Release|Any CPU
		{A1FF1A61-4C52-4D14-ADF0-48C7DD0645EB}.Debug|Any CPU.ActiveCfg = Debug|Any CPU
		{A1FF1A61-4C52-4D14-ADF0-48C7DD0645EB}.Debug|Any CPU.Build.0 = Debug|Any CPU
		{A1FF1A61-4C52-4D14-ADF0-48C7DD0645EB}.Release|Any CPU.ActiveCfg = Release|Any CPU
		{A1FF1A61-4C52-4D14-ADF0-48C7DD0645EB}.Release|Any CPU.Build.0 = Release|Any CPU
		{3250C9BB-89FB-4204-9D4F-FA32CC0E0519}.Debug|Any CPU.ActiveCfg = Debug|Any CPU
		{3250C9BB-89FB-4204-9D4F-FA32CC0E0519}.Debug|Any CPU.Build.0 = Debug|Any CPU
		{3250C9BB-89FB-4204-9D4F-FA32CC0E0519}.Release|Any CPU.ActiveCfg = Release|Any CPU
		{3250C9BB-89FB-4204-9D4F-FA32CC0E0519}.Release|Any CPU.Build.0 = Release|Any CPU
		{1D338D13-267A-4D2B-B403-6405FD0CACEB}.Debug|Any CPU.ActiveCfg = Debug|Any CPU
		{1D338D13-267A-4D2B-B403-6405FD0CACEB}.Debug|Any CPU.Build.0 = Debug|Any CPU
		{1D338D13-267A-4D2B-B403-6405FD0CACEB}.Release|Any CPU.ActiveCfg = Release|Any CPU
		{1D338D13-267A-4D2B-B403-6405FD0CACEB}.Release|Any CPU.Build.0 = Release|Any CPU
		{5903630D-6D31-49D3-960F-6BD07388819F}.Debug|Any CPU.ActiveCfg = Debug|Any CPU
		{5903630D-6D31-49D3-960F-6BD07388819F}.Debug|Any CPU.Build.0 = Debug|Any CPU
		{5903630D-6D31-49D3-960F-6BD07388819F}.Release|Any CPU.ActiveCfg = Release|Any CPU
		{5903630D-6D31-49D3-960F-6BD07388819F}.Release|Any CPU.Build.0 = Release|Any CPU
	EndGlobalSection
	GlobalSection(SolutionProperties) = preSolution
		HideSolutionNode = FALSE
	EndGlobalSection
	GlobalSection(ExtensibilityGlobals) = postSolution
		SolutionGuid = {31EF3AD8-DF15-4746-959C-FE4742343CA3}
	EndGlobalSection
EndGlobal
